Microsoft Visual Studio Solution File, Format Version 12.00
# Visual Studio 14
Project("{2150E333-8FDC-42A3-9474-1A3956D46DE8}") = "CMakePredefinedTargets", "CMakePredefinedTargets", "{1E2FF2F0-17F8-3D2E-91DC-84B297119B41}"
EndProject
Project("{2150E333-8FDC-42A3-9474-1A3956D46DE8}") = "DEPS", "DEPS", "{EC86F0A9-B1B9-3144-959F-5F2C816F666D}"
EndProject
Project("{2150E333-8FDC-42A3-9474-1A3956D46DE8}") = "JUNK", "JUNK", "{5C2D64CE-188D-3249-BD7B-6C2E8AACD0C0}"
EndProject
Project("{8BC9CEB8-8B4A-11D0-8D11-00A0C91BC942}") = "ALL_BUILD", "ALL_BUILD.vcxproj", "{488EFC36-6D71-3817-8A0B-6C757B7A1D21}"
	ProjectSection(ProjectDependencies) = postProject
		{3764DE79-3740-39EE-98E0-54D648966C9C} = {3764DE79-3740-39EE-98E0-54D648966C9C}
		{3CEFC37C-8211-3D89-B59F-10C3343175D1} = {3CEFC37C-8211-3D89-B59F-10C3343175D1}
	EndProjectSection
EndProject
Project("{8BC9CEB8-8B4A-11D0-8D11-00A0C91BC942}") = "INSTALL", "INSTALL.vcxproj", "{A3B7E42A-ADA9-3C7D-8C0A-E8038BA9EEB4}"
	ProjectSection(ProjectDependencies) = postProject
		{488EFC36-6D71-3817-8A0B-6C757B7A1D21} = {488EFC36-6D71-3817-8A0B-6C757B7A1D21}
		{3764DE79-3740-39EE-98E0-54D648966C9C} = {3764DE79-3740-39EE-98E0-54D648966C9C}
	EndProjectSection
EndProject
Project("{8BC9CEB8-8B4A-11D0-8D11-00A0C91BC942}") = "UpdateAssimpLibsDebugSymbolsAndDLLs", "UpdateAssimpLibsDebugSymbolsAndDLLs.vcxproj", "{63E937E2-A12B-32BE-A0AA-F9296D5B51ED}"
	ProjectSection(ProjectDependencies) = postProject
		{3764DE79-3740-39EE-98E0-54D648966C9C} = {3764DE79-3740-39EE-98E0-54D648966C9C}
	EndProjectSection
EndProject
Project("{8BC9CEB8-8B4A-11D0-8D11-00A0C91BC942}") = "ZERO_CHECK", "..\\ZERO_CHECK.vcxproj", "{3764DE79-3740-39EE-98E0-54D648966C9C}"
	ProjectSection(ProjectDependencies) = postProject
	EndProjectSection
EndProject
Project("{8BC9CEB8-8B4A-11D0-8D11-00A0C91BC942}") = "assimp", "code\assimp.vcxproj", "{3CEFC37C-8211-3D89-B59F-10C3343175D1}"
	ProjectSection(ProjectDependencies) = postProject
		{3764DE79-3740-39EE-98E0-54D648966C9C} = {3764DE79-3740-39EE-98E0-54D648966C9C}
		{FDF2D07F-591B-38FE-B73A-E69D35BCAA90} = {FDF2D07F-591B-38FE-B73A-E69D35BCAA90}
	EndProjectSection
EndProject
Project("{8BC9CEB8-8B4A-11D0-8D11-00A0C91BC942}") = "uninstall", "uninstall.vcxproj", "{97EBA1A4-D007-395A-A0C4-25B7B03347FA}"
	ProjectSection(ProjectDependencies) = postProject
		{3764DE79-3740-39EE-98E0-54D648966C9C} = {3764DE79-3740-39EE-98E0-54D648966C9C}
	EndProjectSection
EndProject
Project("{8BC9CEB8-8B4A-11D0-8D11-00A0C91BC942}") = "zlib", "..\zlib-build\zlib.vcxproj", "{FDF2D07F-591B-38FE-B73A-E69D35BCAA90}"
	ProjectSection(ProjectDependencies) = postProject
		{3764DE79-3740-39EE-98E0-54D648966C9C} = {3764DE79-3740-39EE-98E0-54D648966C9C}
	EndProjectSection
EndProject
Global
	GlobalSection(SolutionConfigurationPlatforms) = preSolution
		Debug|x64 = Debug|x64
		Release|x64 = Release|x64
		MinSizeRel|x64 = MinSizeRel|x64
		RelWithDebInfo|x64 = RelWithDebInfo|x64
	EndGlobalSection
	GlobalSection(ProjectConfigurationPlatforms) = postSolution
		{488EFC36-6D71-3817-8A0B-6C757B7A1D21}.Debug|x64.ActiveCfg = Debug|x64
		{488EFC36-6D71-3817-8A0B-6C757B7A1D21}.Debug|x64.Build.0 = Debug|x64
		{488EFC36-6D71-3817-8A0B-6C757B7A1D21}.Release|x64.ActiveCfg = Release|x64
		{488EFC36-6D71-3817-8A0B-6C757B7A1D21}.Release|x64.Build.0 = Release|x64
		{488EFC36-6D71-3817-8A0B-6C757B7A1D21}.MinSizeRel|x64.ActiveCfg = MinSizeRel|x64
		{488EFC36-6D71-3817-8A0B-6C757B7A1D21}.MinSizeRel|x64.Build.0 = MinSizeRel|x64
		{488EFC36-6D71-3817-8A0B-6C757B7A1D21}.RelWithDebInfo|x64.ActiveCfg = RelWithDebInfo|x64
		{488EFC36-6D71-3817-8A0B-6C757B7A1D21}.RelWithDebInfo|x64.Build.0 = RelWithDebInfo|x64
		{A3B7E42A-ADA9-3C7D-8C0A-E8038BA9EEB4}.Debug|x64.ActiveCfg = Debug|x64
		{A3B7E42A-ADA9-3C7D-8C0A-E8038BA9EEB4}.Release|x64.ActiveCfg = Release|x64
		{A3B7E42A-ADA9-3C7D-8C0A-E8038BA9EEB4}.MinSizeRel|x64.ActiveCfg = MinSizeRel|x64
		{A3B7E42A-ADA9-3C7D-8C0A-E8038BA9EEB4}.RelWithDebInfo|x64.ActiveCfg = RelWithDebInfo|x64
		{63E937E2-A12B-32BE-A0AA-F9296D5B51ED}.Debug|x64.ActiveCfg = Debug|x64
		{63E937E2-A12B-32BE-A0AA-F9296D5B51ED}.Release|x64.ActiveCfg = Release|x64
		{63E937E2-A12B-32BE-A0AA-F9296D5B51ED}.MinSizeRel|x64.ActiveCfg = MinSizeRel|x64
		{63E937E2-A12B-32BE-A0AA-F9296D5B51ED}.RelWithDebInfo|x64.ActiveCfg = RelWithDebInfo|x64
		{3764DE79-3740-39EE-98E0-54D648966C9C}.Debug|x64.ActiveCfg = Debug|x64
		{3764DE79-3740-39EE-98E0-54D648966C9C}.Debug|x64.Build.0 = Debug|x64
		{3764DE79-3740-39EE-98E0-54D648966C9C}.Release|x64.ActiveCfg = Release|x64
		{3764DE79-3740-39EE-98E0-54D648966C9C}.Release|x64.Build.0 = Release|x64
		{3764DE79-3740-39EE-98E0-54D648966C9C}.MinSizeRel|x64.ActiveCfg = MinSizeRel|x64
		{3764DE79-3740-39EE-98E0-54D648966C9C}.MinSizeRel|x64.Build.0 = MinSizeRel|x64
		{3764DE79-3740-39EE-98E0-54D648966C9C}.RelWithDebInfo|x64.ActiveCfg = RelWithDebInfo|x64
		{3764DE79-3740-39EE-98E0-54D648966C9C}.RelWithDebInfo|x64.Build.0 = RelWithDebInfo|x64
		{3CEFC37C-8211-3D89-B59F-10C3343175D1}.Debug|x64.ActiveCfg = Debug|x64
		{3CEFC37C-8211-3D89-B59F-10C3343175D1}.Debug|x64.Build.0 = Debug|x64
		{3CEFC37C-8211-3D89-B59F-10C3343175D1}.Release|x64.ActiveCfg = Release|x64
		{3CEFC37C-8211-3D89-B59F-10C3343175D1}.Release|x64.Build.0 = Release|x64
		{3CEFC37C-8211-3D89-B59F-10C3343175D1}.MinSizeRel|x64.ActiveCfg = MinSizeRel|x64
		{3CEFC37C-8211-3D89-B59F-10C3343175D1}.MinSizeRel|x64.Build.0 = MinSizeRel|x64
		{3CEFC37C-8211-3D89-B59F-10C3343175D1}.RelWithDebInfo|x64.ActiveCfg = RelWithDebInfo|x64
		{3CEFC37C-8211-3D89-B59F-10C3343175D1}.RelWithDebInfo|x64.Build.0 = RelWithDebInfo|x64
		{97EBA1A4-D007-395A-A0C4-25B7B03347FA}.Debug|x64.ActiveCfg = Debug|x64
		{97EBA1A4-D007-395A-A0C4-25B7B03347FA}.Release|x64.ActiveCfg = Release|x64
		{97EBA1A4-D007-395A-A0C4-25B7B03347FA}.MinSizeRel|x64.ActiveCfg = MinSizeRel|x64
		{97EBA1A4-D007-395A-A0C4-25B7B03347FA}.RelWithDebInfo|x64.ActiveCfg = RelWithDebInfo|x64
		{FDF2D07F-591B-38FE-B73A-E69D35BCAA90}.Debug|x64.ActiveCfg = Debug|x64
		{FDF2D07F-591B-38FE-B73A-E69D35BCAA90}.Debug|x64.Build.0 = Debug|x64
		{FDF2D07F-591B-38FE-B73A-E69D35BCAA90}.Release|x64.ActiveCfg = Release|x64
		{FDF2D07F-591B-38FE-B73A-E69D35BCAA90}.Release|x64.Build.0 = Release|x64
		{FDF2D07F-591B-38FE-B73A-E69D35BCAA90}.MinSizeRel|x64.ActiveCfg = MinSizeRel|x64
		{FDF2D07F-591B-38FE-B73A-E69D35BCAA90}.MinSizeRel|x64.Build.0 = MinSizeRel|x64
		{FDF2D07F-591B-38FE-B73A-E69D35BCAA90}.RelWithDebInfo|x64.ActiveCfg = RelWithDebInfo|x64
		{FDF2D07F-591B-38FE-B73A-E69D35BCAA90}.RelWithDebInfo|x64.Build.0 = RelWithDebInfo|x64
	EndGlobalSection
	GlobalSection(NestedProjects) = preSolution
		{488EFC36-6D71-3817-8A0B-6C757B7A1D21} = {1E2FF2F0-17F8-3D2E-91DC-84B297119B41}
		{A3B7E42A-ADA9-3C7D-8C0A-E8038BA9EEB4} = {1E2FF2F0-17F8-3D2E-91DC-84B297119B41}
		{3764DE79-3740-39EE-98E0-54D648966C9C} = {1E2FF2F0-17F8-3D2E-91DC-84B297119B41}
		{3CEFC37C-8211-3D89-B59F-10C3343175D1} = {EC86F0A9-B1B9-3144-959F-5F2C816F666D}
		{FDF2D07F-591B-38FE-B73A-E69D35BCAA90} = {EC86F0A9-B1B9-3144-959F-5F2C816F666D}
		{63E937E2-A12B-32BE-A0AA-F9296D5B51ED} = {5C2D64CE-188D-3249-BD7B-6C2E8AACD0C0}
		{97EBA1A4-D007-395A-A0C4-25B7B03347FA} = {5C2D64CE-188D-3249-BD7B-6C2E8AACD0C0}
	EndGlobalSection
	GlobalSection(ExtensibilityGlobals) = postSolution
	EndGlobalSection
	GlobalSection(ExtensibilityAddIns) = postSolution
	EndGlobalSection
EndGlobal
