Microsoft Visual Studio Solution File, Format Version 12.00
# Visual Studio 14
Project("{8BC9CEB8-8B4A-11D0-8D11-00A0C91BC942}") = "ALL_BUILD", "ALL_BUILD.vcxproj", "{A74EA571-AB89-389A-B66E-9E90389E264F}"
	ProjectSection(ProjectDependencies) = postProject
		{959C552A-638D-3BA2-9655-864986A8A228} = {959C552A-638D-3BA2-9655-864986A8A228}
		{A4E42FC9-8B84-396F-AE36-39817A3C9B0B} = {A4E42FC9-8B84-396F-AE36-39817A3C9B0B}
	EndProjectSection
EndProject
Project("{8BC9CEB8-8B4A-11D0-8D11-00A0C91BC942}") = "ZERO_CHECK", "ZERO_CHECK.vcxproj", "{959C552A-638D-3BA2-9655-864986A8A228}"
	ProjectSection(ProjectDependencies) = postProject
	EndProjectSection
EndProject
Project("{8BC9CEB8-8B4A-11D0-8D11-00A0C91BC942}") = "devil-download", "devil-download.vcxproj", "{A4E42FC9-8B84-396F-AE36-39817A3C9B0B}"
	ProjectSection(ProjectDependencies) = postProject
		{959C552A-638D-3BA2-9655-864986A8A228} = {959C552A-638D-3BA2-9655-864986A8A228}
	EndProjectSection
EndProject
Global
	GlobalSection(SolutionConfigurationPlatforms) = preSolution
		Debug|x64 = Debug|x64
		Release|x64 = Release|x64
		MinSizeRel|x64 = MinSizeRel|x64
		RelWithDebInfo|x64 = RelWithDebInfo|x64
	EndGlobalSection
	GlobalSection(ProjectConfigurationPlatforms) = postSolution
		{A74EA571-AB89-389A-B66E-9E90389E264F}.Debug|x64.ActiveCfg = Debug|x64
		{A74EA571-AB89-389A-B66E-9E90389E264F}.Release|x64.ActiveCfg = Release|x64
		{A74EA571-AB89-389A-B66E-9E90389E264F}.MinSizeRel|x64.ActiveCfg = MinSizeRel|x64
		{A74EA571-AB89-389A-B66E-9E90389E264F}.RelWithDebInfo|x64.ActiveCfg = RelWithDebInfo|x64
		{959C552A-638D-3BA2-9655-864986A8A228}.Debug|x64.ActiveCfg = Debug|x64
		{959C552A-638D-3BA2-9655-864986A8A228}.Debug|x64.Build.0 = Debug|x64
		{959C552A-638D-3BA2-9655-864986A8A228}.Release|x64.ActiveCfg = Release|x64
		{959C552A-638D-3BA2-9655-864986A8A228}.Release|x64.Build.0 = Release|x64
		{959C552A-638D-3BA2-9655-864986A8A228}.MinSizeRel|x64.ActiveCfg = MinSizeRel|x64
		{959C552A-638D-3BA2-9655-864986A8A228}.MinSizeRel|x64.Build.0 = MinSizeRel|x64
		{959C552A-638D-3BA2-9655-864986A8A228}.RelWithDebInfo|x64.ActiveCfg = RelWithDebInfo|x64
		{959C552A-638D-3BA2-9655-864986A8A228}.RelWithDebInfo|x64.Build.0 = RelWithDebInfo|x64
		{A4E42FC9-8B84-396F-AE36-39817A3C9B0B}.Debug|x64.ActiveCfg = Debug|x64
		{A4E42FC9-8B84-396F-AE36-39817A3C9B0B}.Debug|x64.Build.0 = Debug|x64
		{A4E42FC9-8B84-396F-AE36-39817A3C9B0B}.Release|x64.ActiveCfg = Release|x64
		{A4E42FC9-8B84-396F-AE36-39817A3C9B0B}.Release|x64.Build.0 = Release|x64
		{A4E42FC9-8B84-396F-AE36-39817A3C9B0B}.MinSizeRel|x64.ActiveCfg = MinSizeRel|x64
		{A4E42FC9-8B84-396F-AE36-39817A3C9B0B}.MinSizeRel|x64.Build.0 = MinSizeRel|x64
		{A4E42FC9-8B84-396F-AE36-39817A3C9B0B}.RelWithDebInfo|x64.ActiveCfg = RelWithDebInfo|x64
		{A4E42FC9-8B84-396F-AE36-39817A3C9B0B}.RelWithDebInfo|x64.Build.0 = RelWithDebInfo|x64
	EndGlobalSection
	GlobalSection(ExtensibilityGlobals) = postSolution
	EndGlobalSection
	GlobalSection(ExtensibilityAddIns) = postSolution
	EndGlobalSection
EndGlobal
