<?xml version="1.0" encoding="UTF-8"?>
<Project ToolsVersion="14.0" xmlns="http://schemas.microsoft.com/developer/msbuild/2003">
  <ItemGroup>
    <ClCompile Include="C:\Users\40212722\Desktop\set08116\labs\coursework-build\devil-src\DevIL\src-ILU\src\ilu_alloc.cpp">
      <Filter>Source Files</Filter>
    </ClCompile>
    <ClCompile Include="C:\Users\40212722\Desktop\set08116\labs\coursework-build\devil-src\DevIL\src-ILU\src\ilu_error.cpp">
      <Filter>Source Files</Filter>
    </ClCompile>
    <ClCompile Include="C:\Users\40212722\Desktop\set08116\labs\coursework-build\devil-src\DevIL\src-ILU\src\ilu_filter.cpp">
      <Filter>Source Files</Filter>
    </ClCompile>
    <ClCompile Include="C:\Users\40212722\Desktop\set08116\labs\coursework-build\devil-src\DevIL\src-ILU\src\ilu_filter_rcg.cpp">
      <Filter>Source Files</Filter>
    </ClCompile>
    <ClCompile Include="C:\Users\40212722\Desktop\set08116\labs\coursework-build\devil-src\DevIL\src-ILU\src\ilu_internal.cpp">
      <Filter>Source Files</Filter>
    </ClCompile>
    <ClCompile Include="C:\Users\40212722\Desktop\set08116\labs\coursework-build\devil-src\DevIL\src-ILU\src\ilu_main.cpp">
      <Filter>Source Files</Filter>
    </ClCompile>
    <ClCompile Include="C:\Users\40212722\Desktop\set08116\labs\coursework-build\devil-src\DevIL\src-ILU\src\ilu_manip.cpp">
      <Filter>Source Files</Filter>
    </ClCompile>
    <ClCompile Include="C:\Users\40212722\Desktop\set08116\labs\coursework-build\devil-src\DevIL\src-ILU\src\ilu_mipmap.cpp">
      <Filter>Source Files</Filter>
    </ClCompile>
    <ClCompile Include="C:\Users\40212722\Desktop\set08116\labs\coursework-build\devil-src\DevIL\src-ILU\src\ilu_noise.cpp">
      <Filter>Source Files</Filter>
    </ClCompile>
    <ClCompile Include="C:\Users\40212722\Desktop\set08116\labs\coursework-build\devil-src\DevIL\src-ILU\src\ilu_region.cpp">
      <Filter>Source Files</Filter>
    </ClCompile>
    <ClCompile Include="C:\Users\40212722\Desktop\set08116\labs\coursework-build\devil-src\DevIL\src-ILU\src\ilu_rotate.cpp">
      <Filter>Source Files</Filter>
    </ClCompile>
    <ClCompile Include="C:\Users\40212722\Desktop\set08116\labs\coursework-build\devil-src\DevIL\src-ILU\src\ilu_scale.cpp">
      <Filter>Source Files</Filter>
    </ClCompile>
    <ClCompile Include="C:\Users\40212722\Desktop\set08116\labs\coursework-build\devil-src\DevIL\src-ILU\src\ilu_scale2d.cpp">
      <Filter>Source Files</Filter>
    </ClCompile>
    <ClCompile Include="C:\Users\40212722\Desktop\set08116\labs\coursework-build\devil-src\DevIL\src-ILU\src\ilu_scale3d.cpp">
      <Filter>Source Files</Filter>
    </ClCompile>
    <ClCompile Include="C:\Users\40212722\Desktop\set08116\labs\coursework-build\devil-src\DevIL\src-ILU\src\ilu_scaling.cpp">
      <Filter>Source Files</Filter>
    </ClCompile>
    <ClCompile Include="C:\Users\40212722\Desktop\set08116\labs\coursework-build\devil-src\DevIL\src-ILU\src\ilu_states.cpp">
      <Filter>Source Files</Filter>
    </ClCompile>
    <ClCompile Include="C:\Users\40212722\Desktop\set08116\labs\coursework-build\devil-src\DevIL\src-ILU\src\ilu_utilities.cpp">
      <Filter>Source Files</Filter>
    </ClCompile>
  </ItemGroup>
  <ItemGroup>
    <ClInclude Include="C:\Users\40212722\Desktop\set08116\labs\coursework-build\devil-src\DevIL\src-ILU\include\ilu_alloc.h">
      <Filter>Header Files</Filter>
    </ClInclude>
    <ClInclude Include="C:\Users\40212722\Desktop\set08116\labs\coursework-build\devil-src\DevIL\src-ILU\include\ilu_filter.h">
      <Filter>Header Files</Filter>
    </ClInclude>
    <ClInclude Include="C:\Users\40212722\Desktop\set08116\labs\coursework-build\devil-src\DevIL\src-ILU\include\ilu_internal.h">
      <Filter>Header Files</Filter>
    </ClInclude>
    <ClInclude Include="C:\Users\40212722\Desktop\set08116\labs\coursework-build\devil-src\DevIL\src-ILU\include\ilu_region.h">
      <Filter>Header Files</Filter>
    </ClInclude>
    <ClInclude Include="C:\Users\40212722\Desktop\set08116\labs\coursework-build\devil-src\DevIL\src-ILU\include\ilu_states.h">
      <Filter>Header Files</Filter>
    </ClInclude>
    <ClInclude Include="C:\Users\40212722\Desktop\set08116\labs\coursework-build\devil-src\DevIL\include\IL\devil_internal_exports.h">
      <Filter>Header Files</Filter>
    </ClInclude>
    <ClInclude Include="C:\Users\40212722\Desktop\set08116\labs\coursework-build\devil-src\DevIL\include\IL\ilu.h">
      <Filter>Header Files</Filter>
    </ClInclude>
  </ItemGroup>
  <ItemGroup>
    <CustomBuild Include="C:\Users\40212722\Desktop\set08116\labs\coursework-build\devil-src\DevIL\src-ILU\CMakeLists.txt" />
  </ItemGroup>
  <ItemGroup>
    <None Include="C:\Users\40212722\Desktop\set08116\labs\coursework-build\devil-src\DevIL\src-ILU\msvc\resources\IL Logo.ico">
      <Filter>Resource Files</Filter>
    </None>
    <None Include="C:\Users\40212722\Desktop\set08116\labs\coursework-build\devil-src\DevIL\src-ILU\msvc\ilu.def">
      <Filter>Source Files</Filter>
    </None>
  </ItemGroup>
  <ItemGroup>
    <ResourceCompile Include="C:\Users\40212722\Desktop\set08116\labs\coursework-build\devil-src\DevIL\src-ILU\msvc\ILU.rc">
      <Filter>Resource Files</Filter>
    </ResourceCompile>
  </ItemGroup>
  <ItemGroup>
    <Filter Include="Source Files">
      <UniqueIdentifier>{6AB5E57E-614E-39AC-9EE8-65FF0824B454}</UniqueIdentifier>
    </Filter>
    <Filter Include="Header Files">
      <UniqueIdentifier>{55249330-7F92-3BBA-ACB2-154BD3359742}</UniqueIdentifier>
    </Filter>
    <Filter Include="Resource Files">
      <UniqueIdentifier>{405861B8-AAC7-35C4-A0D8-93053ACB3A17}</UniqueIdentifier>
    </Filter>
  </ItemGroup>
</Project>
