<?xml version="1.0" encoding="UTF-8"?>
<Project ToolsVersion="14.0" xmlns="http://schemas.microsoft.com/developer/msbuild/2003">
  <ItemGroup>
    <CustomBuild Include="C:\Users\40212722\Desktop\set08116\labs\coursework-build\assimp-download\CMakeFiles\83bf3b3cf238296589d2d41340bbdfa1\generate.stamp.rule">
      <Filter>CMake Rules</Filter>
    </CustomBuild>
  </ItemGroup>
  <ItemGroup>
    <Filter Include="CMake Rules">
      <UniqueIdentifier>{01E69677-BA7F-3D9A-85FB-84552D55801A}</UniqueIdentifier>
    </Filter>
  </ItemGroup>
</Project>
