<?xml version="1.0" encoding="UTF-8"?>
<Project ToolsVersion="14.0" xmlns="http://schemas.microsoft.com/developer/msbuild/2003">
  <ItemGroup>
    <ClCompile Include="C:\Users\40212722\Desktop\set08116\labs\coursework-build\libjpeg-src\jmemnobs.c">
      <Filter>Source Files</Filter>
    </ClCompile>
    <ClCompile Include="C:\Users\40212722\Desktop\set08116\labs\coursework-build\libjpeg-src\jaricom.c">
      <Filter>Source Files</Filter>
    </ClCompile>
    <ClCompile Include="C:\Users\40212722\Desktop\set08116\labs\coursework-build\libjpeg-src\jcapimin.c">
      <Filter>Source Files</Filter>
    </ClCompile>
    <ClCompile Include="C:\Users\40212722\Desktop\set08116\labs\coursework-build\libjpeg-src\jcapistd.c">
      <Filter>Source Files</Filter>
    </ClCompile>
    <ClCompile Include="C:\Users\40212722\Desktop\set08116\labs\coursework-build\libjpeg-src\jcarith.c">
      <Filter>Source Files</Filter>
    </ClCompile>
    <ClCompile Include="C:\Users\40212722\Desktop\set08116\labs\coursework-build\libjpeg-src\jccoefct.c">
      <Filter>Source Files</Filter>
    </ClCompile>
    <ClCompile Include="C:\Users\40212722\Desktop\set08116\labs\coursework-build\libjpeg-src\jccolor.c">
      <Filter>Source Files</Filter>
    </ClCompile>
    <ClCompile Include="C:\Users\40212722\Desktop\set08116\labs\coursework-build\libjpeg-src\jcdctmgr.c">
      <Filter>Source Files</Filter>
    </ClCompile>
    <ClCompile Include="C:\Users\40212722\Desktop\set08116\labs\coursework-build\libjpeg-src\jchuff.c">
      <Filter>Source Files</Filter>
    </ClCompile>
    <ClCompile Include="C:\Users\40212722\Desktop\set08116\labs\coursework-build\libjpeg-src\jcinit.c">
      <Filter>Source Files</Filter>
    </ClCompile>
    <ClCompile Include="C:\Users\40212722\Desktop\set08116\labs\coursework-build\libjpeg-src\jcmainct.c">
      <Filter>Source Files</Filter>
    </ClCompile>
    <ClCompile Include="C:\Users\40212722\Desktop\set08116\labs\coursework-build\libjpeg-src\jcmarker.c">
      <Filter>Source Files</Filter>
    </ClCompile>
    <ClCompile Include="C:\Users\40212722\Desktop\set08116\labs\coursework-build\libjpeg-src\jcmaster.c">
      <Filter>Source Files</Filter>
    </ClCompile>
    <ClCompile Include="C:\Users\40212722\Desktop\set08116\labs\coursework-build\libjpeg-src\jcomapi.c">
      <Filter>Source Files</Filter>
    </ClCompile>
    <ClCompile Include="C:\Users\40212722\Desktop\set08116\labs\coursework-build\libjpeg-src\jcparam.c">
      <Filter>Source Files</Filter>
    </ClCompile>
    <ClCompile Include="C:\Users\40212722\Desktop\set08116\labs\coursework-build\libjpeg-src\jcprepct.c">
      <Filter>Source Files</Filter>
    </ClCompile>
    <ClCompile Include="C:\Users\40212722\Desktop\set08116\labs\coursework-build\libjpeg-src\jcsample.c">
      <Filter>Source Files</Filter>
    </ClCompile>
    <ClCompile Include="C:\Users\40212722\Desktop\set08116\labs\coursework-build\libjpeg-src\jctrans.c">
      <Filter>Source Files</Filter>
    </ClCompile>
    <ClCompile Include="C:\Users\40212722\Desktop\set08116\labs\coursework-build\libjpeg-src\jdapimin.c">
      <Filter>Source Files</Filter>
    </ClCompile>
    <ClCompile Include="C:\Users\40212722\Desktop\set08116\labs\coursework-build\libjpeg-src\jdapistd.c">
      <Filter>Source Files</Filter>
    </ClCompile>
    <ClCompile Include="C:\Users\40212722\Desktop\set08116\labs\coursework-build\libjpeg-src\jdarith.c">
      <Filter>Source Files</Filter>
    </ClCompile>
    <ClCompile Include="C:\Users\40212722\Desktop\set08116\labs\coursework-build\libjpeg-src\jdatadst.c">
      <Filter>Source Files</Filter>
    </ClCompile>
    <ClCompile Include="C:\Users\40212722\Desktop\set08116\labs\coursework-build\libjpeg-src\jdatasrc.c">
      <Filter>Source Files</Filter>
    </ClCompile>
    <ClCompile Include="C:\Users\40212722\Desktop\set08116\labs\coursework-build\libjpeg-src\jdcoefct.c">
      <Filter>Source Files</Filter>
    </ClCompile>
    <ClCompile Include="C:\Users\40212722\Desktop\set08116\labs\coursework-build\libjpeg-src\jdcolor.c">
      <Filter>Source Files</Filter>
    </ClCompile>
    <ClCompile Include="C:\Users\40212722\Desktop\set08116\labs\coursework-build\libjpeg-src\jddctmgr.c">
      <Filter>Source Files</Filter>
    </ClCompile>
    <ClCompile Include="C:\Users\40212722\Desktop\set08116\labs\coursework-build\libjpeg-src\jdhuff.c">
      <Filter>Source Files</Filter>
    </ClCompile>
    <ClCompile Include="C:\Users\40212722\Desktop\set08116\labs\coursework-build\libjpeg-src\jdinput.c">
      <Filter>Source Files</Filter>
    </ClCompile>
    <ClCompile Include="C:\Users\40212722\Desktop\set08116\labs\coursework-build\libjpeg-src\jdmainct.c">
      <Filter>Source Files</Filter>
    </ClCompile>
    <ClCompile Include="C:\Users\40212722\Desktop\set08116\labs\coursework-build\libjpeg-src\jdmarker.c">
      <Filter>Source Files</Filter>
    </ClCompile>
    <ClCompile Include="C:\Users\40212722\Desktop\set08116\labs\coursework-build\libjpeg-src\jdmaster.c">
      <Filter>Source Files</Filter>
    </ClCompile>
    <ClCompile Include="C:\Users\40212722\Desktop\set08116\labs\coursework-build\libjpeg-src\jdmerge.c">
      <Filter>Source Files</Filter>
    </ClCompile>
    <ClCompile Include="C:\Users\40212722\Desktop\set08116\labs\coursework-build\libjpeg-src\jdpostct.c">
      <Filter>Source Files</Filter>
    </ClCompile>
    <ClCompile Include="C:\Users\40212722\Desktop\set08116\labs\coursework-build\libjpeg-src\jdsample.c">
      <Filter>Source Files</Filter>
    </ClCompile>
    <ClCompile Include="C:\Users\40212722\Desktop\set08116\labs\coursework-build\libjpeg-src\jdtrans.c">
      <Filter>Source Files</Filter>
    </ClCompile>
    <ClCompile Include="C:\Users\40212722\Desktop\set08116\labs\coursework-build\libjpeg-src\jerror.c">
      <Filter>Source Files</Filter>
    </ClCompile>
    <ClCompile Include="C:\Users\40212722\Desktop\set08116\labs\coursework-build\libjpeg-src\jfdctflt.c">
      <Filter>Source Files</Filter>
    </ClCompile>
    <ClCompile Include="C:\Users\40212722\Desktop\set08116\labs\coursework-build\libjpeg-src\jfdctfst.c">
      <Filter>Source Files</Filter>
    </ClCompile>
    <ClCompile Include="C:\Users\40212722\Desktop\set08116\labs\coursework-build\libjpeg-src\jfdctint.c">
      <Filter>Source Files</Filter>
    </ClCompile>
    <ClCompile Include="C:\Users\40212722\Desktop\set08116\labs\coursework-build\libjpeg-src\jidctflt.c">
      <Filter>Source Files</Filter>
    </ClCompile>
    <ClCompile Include="C:\Users\40212722\Desktop\set08116\labs\coursework-build\libjpeg-src\jidctfst.c">
      <Filter>Source Files</Filter>
    </ClCompile>
    <ClCompile Include="C:\Users\40212722\Desktop\set08116\labs\coursework-build\libjpeg-src\jidctint.c">
      <Filter>Source Files</Filter>
    </ClCompile>
    <ClCompile Include="C:\Users\40212722\Desktop\set08116\labs\coursework-build\libjpeg-src\jquant1.c">
      <Filter>Source Files</Filter>
    </ClCompile>
    <ClCompile Include="C:\Users\40212722\Desktop\set08116\labs\coursework-build\libjpeg-src\jquant2.c">
      <Filter>Source Files</Filter>
    </ClCompile>
    <ClCompile Include="C:\Users\40212722\Desktop\set08116\labs\coursework-build\libjpeg-src\jutils.c">
      <Filter>Source Files</Filter>
    </ClCompile>
    <ClCompile Include="C:\Users\40212722\Desktop\set08116\labs\coursework-build\libjpeg-src\jmemmgr.c">
      <Filter>Source Files</Filter>
    </ClCompile>
  </ItemGroup>
  <ItemGroup>
    <ClInclude Include="C:\Users\40212722\Desktop\set08116\labs\coursework-build\libjpeg-src\cderror.h">
      <Filter>Header Files</Filter>
    </ClInclude>
    <ClInclude Include="C:\Users\40212722\Desktop\set08116\labs\coursework-build\libjpeg-src\cdjpeg.h">
      <Filter>Header Files</Filter>
    </ClInclude>
    <ClInclude Include="C:\Users\40212722\Desktop\set08116\labs\coursework-build\libjpeg-src\jdct.h">
      <Filter>Header Files</Filter>
    </ClInclude>
    <ClInclude Include="C:\Users\40212722\Desktop\set08116\labs\coursework-build\libjpeg-src\jinclude.h">
      <Filter>Header Files</Filter>
    </ClInclude>
    <ClInclude Include="C:\Users\40212722\Desktop\set08116\labs\coursework-build\libjpeg-src\jmemsys.h">
      <Filter>Header Files</Filter>
    </ClInclude>
    <ClInclude Include="C:\Users\40212722\Desktop\set08116\labs\coursework-build\libjpeg-src\jpegint.h">
      <Filter>Header Files</Filter>
    </ClInclude>
    <ClInclude Include="C:\Users\40212722\Desktop\set08116\labs\coursework-build\libjpeg-src\jversion.h">
      <Filter>Header Files</Filter>
    </ClInclude>
    <ClInclude Include="C:\Users\40212722\Desktop\set08116\labs\coursework-build\libjpeg-src\transupp.h">
      <Filter>Header Files</Filter>
    </ClInclude>
    <ClInclude Include="C:\Users\40212722\Desktop\set08116\labs\coursework-build\libjpeg-src\jerror.h">
      <Filter>Header Files</Filter>
    </ClInclude>
    <ClInclude Include="C:\Users\40212722\Desktop\set08116\labs\coursework-build\libjpeg-src\jmorecfg.h">
      <Filter>Header Files</Filter>
    </ClInclude>
    <ClInclude Include="C:\Users\40212722\Desktop\set08116\labs\coursework-build\libjpeg-src\jpeglib.h">
      <Filter>Header Files</Filter>
    </ClInclude>
    <ClInclude Include="C:\Users\40212722\Desktop\set08116\labs\coursework-build\libjpeg-build\jconfig.h">
      <Filter>Header Files</Filter>
    </ClInclude>
  </ItemGroup>
  <ItemGroup>
    <CustomBuild Include="C:\Users\40212722\Desktop\set08116\labs\coursework-build\libjpeg-src\CMakeLists.txt" />
  </ItemGroup>
  <ItemGroup>
    <Filter Include="Source Files">
      <UniqueIdentifier>{6AB5E57E-614E-39AC-9EE8-65FF0824B454}</UniqueIdentifier>
    </Filter>
    <Filter Include="Header Files">
      <UniqueIdentifier>{55249330-7F92-3BBA-ACB2-154BD3359742}</UniqueIdentifier>
    </Filter>
  </ItemGroup>
</Project>
