<?xml version="1.0" encoding="UTF-8"?>
<Project ToolsVersion="14.0" xmlns="http://schemas.microsoft.com/developer/msbuild/2003">
  <ItemGroup>
    <CustomBuild Include="C:\Users\40212722\Desktop\set08116\labs\coursework-build\libjpeg-download\CMakeFiles\271db959f222d6127e72c6d6458ee527\generate.stamp.rule">
      <Filter>CMake Rules</Filter>
    </CustomBuild>
  </ItemGroup>
  <ItemGroup>
    <Filter Include="CMake Rules">
      <UniqueIdentifier>{29AD191B-F210-3ADA-9539-3244F8EB0BA5}</UniqueIdentifier>
    </Filter>
  </ItemGroup>
</Project>
