<?xml version="1.0" encoding="UTF-8"?>
<Project ToolsVersion="14.0" xmlns="http://schemas.microsoft.com/developer/msbuild/2003">
  <ItemGroup>
    <CustomBuild Include="C:\Users\40212722\Desktop\set08116\labs\coursework-build\glfw-download\CMakeLists.txt" />
    <CustomBuild Include="C:\Users\40212722\Desktop\set08116\labs\coursework-build\glfw-download\CMakeFiles\5b1971cb905f1cbd855f65c2aba8e972\glfw-download-mkdir.rule">
      <Filter>CMake Rules</Filter>
    </CustomBuild>
    <CustomBuild Include="C:\Users\40212722\Desktop\set08116\labs\coursework-build\glfw-download\CMakeFiles\5b1971cb905f1cbd855f65c2aba8e972\glfw-download-download.rule">
      <Filter>CMake Rules</Filter>
    </CustomBuild>
    <CustomBuild Include="C:\Users\40212722\Desktop\set08116\labs\coursework-build\glfw-download\CMakeFiles\5b1971cb905f1cbd855f65c2aba8e972\glfw-download-update.rule">
      <Filter>CMake Rules</Filter>
    </CustomBuild>
    <CustomBuild Include="C:\Users\40212722\Desktop\set08116\labs\coursework-build\glfw-download\CMakeFiles\5b1971cb905f1cbd855f65c2aba8e972\glfw-download-patch.rule">
      <Filter>CMake Rules</Filter>
    </CustomBuild>
    <CustomBuild Include="C:\Users\40212722\Desktop\set08116\labs\coursework-build\glfw-download\CMakeFiles\5b1971cb905f1cbd855f65c2aba8e972\glfw-download-configure.rule">
      <Filter>CMake Rules</Filter>
    </CustomBuild>
    <CustomBuild Include="C:\Users\40212722\Desktop\set08116\labs\coursework-build\glfw-download\CMakeFiles\5b1971cb905f1cbd855f65c2aba8e972\glfw-download-build.rule">
      <Filter>CMake Rules</Filter>
    </CustomBuild>
    <CustomBuild Include="C:\Users\40212722\Desktop\set08116\labs\coursework-build\glfw-download\CMakeFiles\5b1971cb905f1cbd855f65c2aba8e972\glfw-download-install.rule">
      <Filter>CMake Rules</Filter>
    </CustomBuild>
    <CustomBuild Include="C:\Users\40212722\Desktop\set08116\labs\coursework-build\glfw-download\CMakeFiles\5b1971cb905f1cbd855f65c2aba8e972\glfw-download-test.rule">
      <Filter>CMake Rules</Filter>
    </CustomBuild>
    <CustomBuild Include="C:\Users\40212722\Desktop\set08116\labs\coursework-build\glfw-download\CMakeFiles\cc0362a8a8821b11d116b15ce1f832d3\glfw-download-complete.rule">
      <Filter>CMake Rules</Filter>
    </CustomBuild>
    <CustomBuild Include="C:\Users\40212722\Desktop\set08116\labs\coursework-build\glfw-download\CMakeFiles\d4b9f86ec19e52a356ecf355c8b2b683\glfw-download.rule">
      <Filter>CMake Rules</Filter>
    </CustomBuild>
  </ItemGroup>
  <ItemGroup>
    <None Include="C:\Users\40212722\Desktop\set08116\labs\coursework-build\glfw-download\CMakeFiles\glfw-download" />
  </ItemGroup>
  <ItemGroup>
    <Filter Include="CMake Rules">
      <UniqueIdentifier>{C1CB1AF7-14AE-35A5-809D-7904F2F09987}</UniqueIdentifier>
    </Filter>
  </ItemGroup>
</Project>
