<?xml version="1.0" encoding="UTF-8"?>
<Project ToolsVersion="14.0" xmlns="http://schemas.microsoft.com/developer/msbuild/2003">
  <ItemGroup>
    <CustomBuild Include="C:\Users\40212722\Desktop\set08116\labs\coursework-build\glfw-download\CMakeFiles\d4b9f86ec19e52a356ecf355c8b2b683\generate.stamp.rule">
      <Filter>CMake Rules</Filter>
    </CustomBuild>
  </ItemGroup>
  <ItemGroup>
    <Filter Include="CMake Rules">
      <UniqueIdentifier>{C1CB1AF7-14AE-35A5-809D-7904F2F09987}</UniqueIdentifier>
    </Filter>
  </ItemGroup>
</Project>
