<?xml version="1.0" encoding="UTF-8"?>
<Project ToolsVersion="14.0" xmlns="http://schemas.microsoft.com/developer/msbuild/2003">
  <ItemGroup>
    <CustomBuild Include="C:\Users\40212722\Desktop\set08116\labs\coursework-build\enu_gfx-download\CMakeFiles\6c85bbbf7e2974912da5521c5f704148\generate.stamp.rule">
      <Filter>CMake Rules</Filter>
    </CustomBuild>
  </ItemGroup>
  <ItemGroup>
    <Filter Include="CMake Rules">
      <UniqueIdentifier>{45AE5E0E-89A3-36B1-87E9-D838D4B5BCD2}</UniqueIdentifier>
    </Filter>
  </ItemGroup>
</Project>
