<?xml version="1.0" encoding="UTF-8"?>
<Project ToolsVersion="14.0" xmlns="http://schemas.microsoft.com/developer/msbuild/2003">
  <ItemGroup>
    <ClCompile Include="C:\Users\40212722\Desktop\set08116\labs\coursework-build\assimp-src\code\Assimp.cpp">
      <Filter>Source Files</Filter>
    </ClCompile>
    <ClCompile Include="C:\Users\40212722\Desktop\set08116\labs\coursework-build\assimp-src\code\BaseImporter.cpp">
      <Filter>Common</Filter>
    </ClCompile>
    <ClCompile Include="C:\Users\40212722\Desktop\set08116\labs\coursework-build\assimp-src\code\BaseProcess.cpp">
      <Filter>Common</Filter>
    </ClCompile>
    <ClCompile Include="C:\Users\40212722\Desktop\set08116\labs\coursework-build\assimp-src\code\PostStepRegistry.cpp">
      <Filter>Common</Filter>
    </ClCompile>
    <ClCompile Include="C:\Users\40212722\Desktop\set08116\labs\coursework-build\assimp-src\code\ImporterRegistry.cpp">
      <Filter>Common</Filter>
    </ClCompile>
    <ClCompile Include="C:\Users\40212722\Desktop\set08116\labs\coursework-build\assimp-src\code\DefaultIOStream.cpp">
      <Filter>Common</Filter>
    </ClCompile>
    <ClCompile Include="C:\Users\40212722\Desktop\set08116\labs\coursework-build\assimp-src\code\DefaultIOSystem.cpp">
      <Filter>Common</Filter>
    </ClCompile>
    <ClCompile Include="C:\Users\40212722\Desktop\set08116\labs\coursework-build\assimp-src\code\Importer.cpp">
      <Filter>Common</Filter>
    </ClCompile>
    <ClCompile Include="C:\Users\40212722\Desktop\set08116\labs\coursework-build\assimp-src\code\SGSpatialSort.cpp">
      <Filter>Common</Filter>
    </ClCompile>
    <ClCompile Include="C:\Users\40212722\Desktop\set08116\labs\coursework-build\assimp-src\code\VertexTriangleAdjacency.cpp">
      <Filter>Common</Filter>
    </ClCompile>
    <ClCompile Include="C:\Users\40212722\Desktop\set08116\labs\coursework-build\assimp-src\code\SpatialSort.cpp">
      <Filter>Common</Filter>
    </ClCompile>
    <ClCompile Include="C:\Users\40212722\Desktop\set08116\labs\coursework-build\assimp-src\code\SceneCombiner.cpp">
      <Filter>Common</Filter>
    </ClCompile>
    <ClCompile Include="C:\Users\40212722\Desktop\set08116\labs\coursework-build\assimp-src\code\ScenePreprocessor.cpp">
      <Filter>Common</Filter>
    </ClCompile>
    <ClCompile Include="C:\Users\40212722\Desktop\set08116\labs\coursework-build\assimp-src\code\SkeletonMeshBuilder.cpp">
      <Filter>Common</Filter>
    </ClCompile>
    <ClCompile Include="C:\Users\40212722\Desktop\set08116\labs\coursework-build\assimp-src\code\SplitByBoneCountProcess.cpp">
      <Filter>Common</Filter>
    </ClCompile>
    <ClCompile Include="C:\Users\40212722\Desktop\set08116\labs\coursework-build\assimp-src\code\StandardShapes.cpp">
      <Filter>Common</Filter>
    </ClCompile>
    <ClCompile Include="C:\Users\40212722\Desktop\set08116\labs\coursework-build\assimp-src\code\TargetAnimation.cpp">
      <Filter>Common</Filter>
    </ClCompile>
    <ClCompile Include="C:\Users\40212722\Desktop\set08116\labs\coursework-build\assimp-src\code\RemoveComments.cpp">
      <Filter>Common</Filter>
    </ClCompile>
    <ClCompile Include="C:\Users\40212722\Desktop\set08116\labs\coursework-build\assimp-src\code\Subdivision.cpp">
      <Filter>Common</Filter>
    </ClCompile>
    <ClCompile Include="C:\Users\40212722\Desktop\set08116\labs\coursework-build\assimp-src\code\Bitmap.cpp">
      <Filter>Common</Filter>
    </ClCompile>
    <ClCompile Include="C:\Users\40212722\Desktop\set08116\labs\coursework-build\assimp-src\code\Version.cpp">
      <Filter>Common</Filter>
    </ClCompile>
    <ClCompile Include="C:\Users\40212722\Desktop\set08116\labs\coursework-build\assimp-src\code\DefaultLogger.cpp">
      <Filter>Logging</Filter>
    </ClCompile>
    <ClCompile Include="C:\Users\40212722\Desktop\set08116\labs\coursework-build\assimp-src\code\Exporter.cpp">
      <Filter>Exporter</Filter>
    </ClCompile>
    <ClCompile Include="C:\Users\40212722\Desktop\set08116\labs\coursework-build\assimp-src\code\AssimpCExport.cpp">
      <Filter>Exporter</Filter>
    </ClCompile>
    <ClCompile Include="C:\Users\40212722\Desktop\set08116\labs\coursework-build\assimp-src\code\CalcTangentsProcess.cpp">
      <Filter>PostProcessing</Filter>
    </ClCompile>
    <ClCompile Include="C:\Users\40212722\Desktop\set08116\labs\coursework-build\assimp-src\code\ComputeUVMappingProcess.cpp">
      <Filter>PostProcessing</Filter>
    </ClCompile>
    <ClCompile Include="C:\Users\40212722\Desktop\set08116\labs\coursework-build\assimp-src\code\ConvertToLHProcess.cpp">
      <Filter>PostProcessing</Filter>
    </ClCompile>
    <ClCompile Include="C:\Users\40212722\Desktop\set08116\labs\coursework-build\assimp-src\code\FindDegenerates.cpp">
      <Filter>PostProcessing</Filter>
    </ClCompile>
    <ClCompile Include="C:\Users\40212722\Desktop\set08116\labs\coursework-build\assimp-src\code\FindInstancesProcess.cpp">
      <Filter>PostProcessing</Filter>
    </ClCompile>
    <ClCompile Include="C:\Users\40212722\Desktop\set08116\labs\coursework-build\assimp-src\code\FindInvalidDataProcess.cpp">
      <Filter>PostProcessing</Filter>
    </ClCompile>
    <ClCompile Include="C:\Users\40212722\Desktop\set08116\labs\coursework-build\assimp-src\code\FixNormalsStep.cpp">
      <Filter>PostProcessing</Filter>
    </ClCompile>
    <ClCompile Include="C:\Users\40212722\Desktop\set08116\labs\coursework-build\assimp-src\code\GenFaceNormalsProcess.cpp">
      <Filter>PostProcessing</Filter>
    </ClCompile>
    <ClCompile Include="C:\Users\40212722\Desktop\set08116\labs\coursework-build\assimp-src\code\GenVertexNormalsProcess.cpp">
      <Filter>PostProcessing</Filter>
    </ClCompile>
    <ClCompile Include="C:\Users\40212722\Desktop\set08116\labs\coursework-build\assimp-src\code\PretransformVertices.cpp">
      <Filter>PostProcessing</Filter>
    </ClCompile>
    <ClCompile Include="C:\Users\40212722\Desktop\set08116\labs\coursework-build\assimp-src\code\ImproveCacheLocality.cpp">
      <Filter>PostProcessing</Filter>
    </ClCompile>
    <ClCompile Include="C:\Users\40212722\Desktop\set08116\labs\coursework-build\assimp-src\code\JoinVerticesProcess.cpp">
      <Filter>PostProcessing</Filter>
    </ClCompile>
    <ClCompile Include="C:\Users\40212722\Desktop\set08116\labs\coursework-build\assimp-src\code\LimitBoneWeightsProcess.cpp">
      <Filter>PostProcessing</Filter>
    </ClCompile>
    <ClCompile Include="C:\Users\40212722\Desktop\set08116\labs\coursework-build\assimp-src\code\RemoveRedundantMaterials.cpp">
      <Filter>PostProcessing</Filter>
    </ClCompile>
    <ClCompile Include="C:\Users\40212722\Desktop\set08116\labs\coursework-build\assimp-src\code\RemoveVCProcess.cpp">
      <Filter>PostProcessing</Filter>
    </ClCompile>
    <ClCompile Include="C:\Users\40212722\Desktop\set08116\labs\coursework-build\assimp-src\code\SortByPTypeProcess.cpp">
      <Filter>PostProcessing</Filter>
    </ClCompile>
    <ClCompile Include="C:\Users\40212722\Desktop\set08116\labs\coursework-build\assimp-src\code\SplitLargeMeshes.cpp">
      <Filter>PostProcessing</Filter>
    </ClCompile>
    <ClCompile Include="C:\Users\40212722\Desktop\set08116\labs\coursework-build\assimp-src\code\TextureTransform.cpp">
      <Filter>PostProcessing</Filter>
    </ClCompile>
    <ClCompile Include="C:\Users\40212722\Desktop\set08116\labs\coursework-build\assimp-src\code\TriangulateProcess.cpp">
      <Filter>PostProcessing</Filter>
    </ClCompile>
    <ClCompile Include="C:\Users\40212722\Desktop\set08116\labs\coursework-build\assimp-src\code\ValidateDataStructure.cpp">
      <Filter>PostProcessing</Filter>
    </ClCompile>
    <ClCompile Include="C:\Users\40212722\Desktop\set08116\labs\coursework-build\assimp-src\code\OptimizeGraph.cpp">
      <Filter>PostProcessing</Filter>
    </ClCompile>
    <ClCompile Include="C:\Users\40212722\Desktop\set08116\labs\coursework-build\assimp-src\code\OptimizeMeshes.cpp">
      <Filter>PostProcessing</Filter>
    </ClCompile>
    <ClCompile Include="C:\Users\40212722\Desktop\set08116\labs\coursework-build\assimp-src\code\DeboneProcess.cpp">
      <Filter>PostProcessing</Filter>
    </ClCompile>
    <ClCompile Include="C:\Users\40212722\Desktop\set08116\labs\coursework-build\assimp-src\code\ProcessHelper.cpp">
      <Filter>PostProcessing</Filter>
    </ClCompile>
    <ClCompile Include="C:\Users\40212722\Desktop\set08116\labs\coursework-build\assimp-src\code\MakeVerboseFormat.cpp">
      <Filter>PostProcessing</Filter>
    </ClCompile>
    <ClCompile Include="C:\Users\40212722\Desktop\set08116\labs\coursework-build\assimp-src\code\MaterialSystem.cpp">
      <Filter>MaterialSystem</Filter>
    </ClCompile>
    <ClCompile Include="C:\Users\40212722\Desktop\set08116\labs\coursework-build\assimp-src\code\StepExporter.cpp">
      <Filter>Step</Filter>
    </ClCompile>
    <ClCompile Include="C:\Users\40212722\Desktop\set08116\labs\coursework-build\assimp-src\code\3DSConverter.cpp">
      <Filter>3DS</Filter>
    </ClCompile>
    <ClCompile Include="C:\Users\40212722\Desktop\set08116\labs\coursework-build\assimp-src\code\3DSLoader.cpp">
      <Filter>3DS</Filter>
    </ClCompile>
    <ClCompile Include="C:\Users\40212722\Desktop\set08116\labs\coursework-build\assimp-src\code\3DSExporter.cpp">
      <Filter>3DS</Filter>
    </ClCompile>
    <ClCompile Include="C:\Users\40212722\Desktop\set08116\labs\coursework-build\assimp-src\code\MD2Loader.cpp">
      <Filter>MD2</Filter>
    </ClCompile>
    <ClCompile Include="C:\Users\40212722\Desktop\set08116\labs\coursework-build\assimp-src\code\MD3Loader.cpp">
      <Filter>MD3</Filter>
    </ClCompile>
    <ClCompile Include="C:\Users\40212722\Desktop\set08116\labs\coursework-build\assimp-src\code\MD5Loader.cpp">
      <Filter>MD5</Filter>
    </ClCompile>
    <ClCompile Include="C:\Users\40212722\Desktop\set08116\labs\coursework-build\assimp-src\code\MD5Parser.cpp">
      <Filter>MD5</Filter>
    </ClCompile>
    <ClCompile Include="C:\Users\40212722\Desktop\set08116\labs\coursework-build\assimp-src\code\MDLLoader.cpp">
      <Filter>MDL</Filter>
    </ClCompile>
    <ClCompile Include="C:\Users\40212722\Desktop\set08116\labs\coursework-build\assimp-src\code\MDLMaterialLoader.cpp">
      <Filter>MDL</Filter>
    </ClCompile>
    <ClCompile Include="C:\Users\40212722\Desktop\set08116\labs\coursework-build\assimp-src\code\ObjFileImporter.cpp">
      <Filter>OBJ</Filter>
    </ClCompile>
    <ClCompile Include="C:\Users\40212722\Desktop\set08116\labs\coursework-build\assimp-src\code\ObjFileMtlImporter.cpp">
      <Filter>OBJ</Filter>
    </ClCompile>
    <ClCompile Include="C:\Users\40212722\Desktop\set08116\labs\coursework-build\assimp-src\code\ObjFileParser.cpp">
      <Filter>OBJ</Filter>
    </ClCompile>
    <ClCompile Include="C:\Users\40212722\Desktop\set08116\labs\coursework-build\assimp-src\code\ObjExporter.cpp">
      <Filter>OBJ</Filter>
    </ClCompile>
    <ClCompile Include="C:\Users\40212722\Desktop\set08116\labs\coursework-build\assimp-src\contrib\irrXML\irrXML.cpp">
      <Filter>IrrXML</Filter>
    </ClCompile>
    <ClCompile Include="C:\Users\40212722\Desktop\set08116\labs\coursework-build\assimp-src\contrib\ConvertUTF\ConvertUTF.c">
      <Filter>ConvertUTF</Filter>
    </ClCompile>
    <ClCompile Include="C:\Users\40212722\Desktop\set08116\labs\coursework-build\assimp-src\contrib\unzip\ioapi.c">
      <Filter>unzip</Filter>
    </ClCompile>
    <ClCompile Include="C:\Users\40212722\Desktop\set08116\labs\coursework-build\assimp-src\contrib\unzip\unzip.c">
      <Filter>unzip</Filter>
    </ClCompile>
    <ClCompile Include="C:\Users\40212722\Desktop\set08116\labs\coursework-build\assimp-src\contrib\poly2tri\poly2tri\common\shapes.cc">
      <Filter>Poly2Tri</Filter>
    </ClCompile>
    <ClCompile Include="C:\Users\40212722\Desktop\set08116\labs\coursework-build\assimp-src\contrib\poly2tri\poly2tri\sweep\advancing_front.cc">
      <Filter>Poly2Tri</Filter>
    </ClCompile>
    <ClCompile Include="C:\Users\40212722\Desktop\set08116\labs\coursework-build\assimp-src\contrib\poly2tri\poly2tri\sweep\cdt.cc">
      <Filter>Poly2Tri</Filter>
    </ClCompile>
    <ClCompile Include="C:\Users\40212722\Desktop\set08116\labs\coursework-build\assimp-src\contrib\poly2tri\poly2tri\sweep\sweep.cc">
      <Filter>Poly2Tri</Filter>
    </ClCompile>
    <ClCompile Include="C:\Users\40212722\Desktop\set08116\labs\coursework-build\assimp-src\contrib\poly2tri\poly2tri\sweep\sweep_context.cc">
      <Filter>Poly2Tri</Filter>
    </ClCompile>
    <ClCompile Include="C:\Users\40212722\Desktop\set08116\labs\coursework-build\assimp-src\contrib\clipper\clipper.cpp">
      <Filter>Clipper</Filter>
    </ClCompile>
    <ClCompile Include="C:\Users\40212722\Desktop\set08116\labs\coursework-build\assimp-src\contrib\openddlparser\code\OpenDDLParser.cpp">
      <Filter>openddl_parser</Filter>
    </ClCompile>
    <ClCompile Include="C:\Users\40212722\Desktop\set08116\labs\coursework-build\assimp-src\contrib\openddlparser\code\DDLNode.cpp">
      <Filter>openddl_parser</Filter>
    </ClCompile>
    <ClCompile Include="C:\Users\40212722\Desktop\set08116\labs\coursework-build\assimp-src\contrib\openddlparser\code\OpenDDLCommon.cpp">
      <Filter>openddl_parser</Filter>
    </ClCompile>
    <ClCompile Include="C:\Users\40212722\Desktop\set08116\labs\coursework-build\assimp-src\contrib\openddlparser\code\OpenDDLExport.cpp">
      <Filter>openddl_parser</Filter>
    </ClCompile>
    <ClCompile Include="C:\Users\40212722\Desktop\set08116\labs\coursework-build\assimp-src\contrib\openddlparser\code\Value.cpp">
      <Filter>openddl_parser</Filter>
    </ClCompile>
  </ItemGroup>
  <ItemGroup>
    <ClInclude Include="C:\Users\40212722\Desktop\set08116\labs\coursework-build\assimp-src\code\fast_atof.h">
      <Filter>Common</Filter>
    </ClInclude>
    <ClInclude Include="C:\Users\40212722\Desktop\set08116\labs\coursework-build\assimp-src\code\qnan.h">
      <Filter>Common</Filter>
    </ClInclude>
    <ClInclude Include="C:\Users\40212722\Desktop\set08116\labs\coursework-build\assimp-src\code\BaseImporter.h">
      <Filter>Common</Filter>
    </ClInclude>
    <ClInclude Include="C:\Users\40212722\Desktop\set08116\labs\coursework-build\assimp-src\code\BaseProcess.h">
      <Filter>Common</Filter>
    </ClInclude>
    <ClInclude Include="C:\Users\40212722\Desktop\set08116\labs\coursework-build\assimp-src\code\Importer.h">
      <Filter>Common</Filter>
    </ClInclude>
    <ClInclude Include="C:\Users\40212722\Desktop\set08116\labs\coursework-build\assimp-src\code\ScenePrivate.h">
      <Filter>Common</Filter>
    </ClInclude>
    <ClInclude Include="C:\Users\40212722\Desktop\set08116\labs\coursework-build\assimp-src\code\ByteSwapper.h">
      <Filter>Common</Filter>
    </ClInclude>
    <ClInclude Include="C:\Users\40212722\Desktop\set08116\labs\coursework-build\assimp-src\code\DefaultProgressHandler.h">
      <Filter>Common</Filter>
    </ClInclude>
    <ClInclude Include="C:\Users\40212722\Desktop\set08116\labs\coursework-build\assimp-src\code\DefaultIOStream.h">
      <Filter>Common</Filter>
    </ClInclude>
    <ClInclude Include="C:\Users\40212722\Desktop\set08116\labs\coursework-build\assimp-src\code\DefaultIOSystem.h">
      <Filter>Common</Filter>
    </ClInclude>
    <ClInclude Include="C:\Users\40212722\Desktop\set08116\labs\coursework-build\assimp-src\code\CInterfaceIOWrapper.h">
      <Filter>Common</Filter>
    </ClInclude>
    <ClInclude Include="C:\Users\40212722\Desktop\set08116\labs\coursework-build\assimp-src\code\Hash.h">
      <Filter>Common</Filter>
    </ClInclude>
    <ClInclude Include="C:\Users\40212722\Desktop\set08116\labs\coursework-build\assimp-src\code\IFF.h">
      <Filter>Common</Filter>
    </ClInclude>
    <ClInclude Include="C:\Users\40212722\Desktop\set08116\labs\coursework-build\assimp-src\code\MemoryIOWrapper.h">
      <Filter>Common</Filter>
    </ClInclude>
    <ClInclude Include="C:\Users\40212722\Desktop\set08116\labs\coursework-build\assimp-src\code\ParsingUtils.h">
      <Filter>Common</Filter>
    </ClInclude>
    <ClInclude Include="C:\Users\40212722\Desktop\set08116\labs\coursework-build\assimp-src\code\StreamReader.h">
      <Filter>Common</Filter>
    </ClInclude>
    <ClInclude Include="C:\Users\40212722\Desktop\set08116\labs\coursework-build\assimp-src\code\StreamWriter.h">
      <Filter>Common</Filter>
    </ClInclude>
    <ClInclude Include="C:\Users\40212722\Desktop\set08116\labs\coursework-build\assimp-src\code\StringComparison.h">
      <Filter>Common</Filter>
    </ClInclude>
    <ClInclude Include="C:\Users\40212722\Desktop\set08116\labs\coursework-build\assimp-src\code\StringUtils.h">
      <Filter>Common</Filter>
    </ClInclude>
    <ClInclude Include="C:\Users\40212722\Desktop\set08116\labs\coursework-build\assimp-src\code\SGSpatialSort.h">
      <Filter>Common</Filter>
    </ClInclude>
    <ClInclude Include="C:\Users\40212722\Desktop\set08116\labs\coursework-build\assimp-src\code\VertexTriangleAdjacency.h">
      <Filter>Common</Filter>
    </ClInclude>
    <ClInclude Include="C:\Users\40212722\Desktop\set08116\labs\coursework-build\assimp-src\code\GenericProperty.h">
      <Filter>Common</Filter>
    </ClInclude>
    <ClInclude Include="C:\Users\40212722\Desktop\set08116\labs\coursework-build\assimp-src\code\SpatialSort.h">
      <Filter>Common</Filter>
    </ClInclude>
    <ClInclude Include="C:\Users\40212722\Desktop\set08116\labs\coursework-build\assimp-src\code\SceneCombiner.h">
      <Filter>Common</Filter>
    </ClInclude>
    <ClInclude Include="C:\Users\40212722\Desktop\set08116\labs\coursework-build\assimp-src\code\ScenePreprocessor.h">
      <Filter>Common</Filter>
    </ClInclude>
    <ClInclude Include="C:\Users\40212722\Desktop\set08116\labs\coursework-build\assimp-src\code\SkeletonMeshBuilder.h">
      <Filter>Common</Filter>
    </ClInclude>
    <ClInclude Include="C:\Users\40212722\Desktop\set08116\labs\coursework-build\assimp-src\code\SplitByBoneCountProcess.h">
      <Filter>Common</Filter>
    </ClInclude>
    <ClInclude Include="C:\Users\40212722\Desktop\set08116\labs\coursework-build\assimp-src\code\SmoothingGroups.h">
      <Filter>Common</Filter>
    </ClInclude>
    <ClInclude Include="C:\Users\40212722\Desktop\set08116\labs\coursework-build\assimp-src\code\StandardShapes.h">
      <Filter>Common</Filter>
    </ClInclude>
    <ClInclude Include="C:\Users\40212722\Desktop\set08116\labs\coursework-build\assimp-src\code\TargetAnimation.h">
      <Filter>Common</Filter>
    </ClInclude>
    <ClInclude Include="C:\Users\40212722\Desktop\set08116\labs\coursework-build\assimp-src\code\RemoveComments.h">
      <Filter>Common</Filter>
    </ClInclude>
    <ClInclude Include="C:\Users\40212722\Desktop\set08116\labs\coursework-build\assimp-src\code\Subdivision.h">
      <Filter>Common</Filter>
    </ClInclude>
    <ClInclude Include="C:\Users\40212722\Desktop\set08116\labs\coursework-build\assimp-src\code\Vertex.h">
      <Filter>Common</Filter>
    </ClInclude>
    <ClInclude Include="C:\Users\40212722\Desktop\set08116\labs\coursework-build\assimp-src\code\LineSplitter.h">
      <Filter>Common</Filter>
    </ClInclude>
    <ClInclude Include="C:\Users\40212722\Desktop\set08116\labs\coursework-build\assimp-src\code\TinyFormatter.h">
      <Filter>Common</Filter>
    </ClInclude>
    <ClInclude Include="C:\Users\40212722\Desktop\set08116\labs\coursework-build\assimp-src\code\Profiler.h">
      <Filter>Common</Filter>
    </ClInclude>
    <ClInclude Include="C:\Users\40212722\Desktop\set08116\labs\coursework-build\assimp-src\code\LogAux.h">
      <Filter>Common</Filter>
    </ClInclude>
    <ClInclude Include="C:\Users\40212722\Desktop\set08116\labs\coursework-build\assimp-src\code\Bitmap.h">
      <Filter>Common</Filter>
    </ClInclude>
    <ClInclude Include="C:\Users\40212722\Desktop\set08116\labs\coursework-build\assimp-src\code\XMLTools.h">
      <Filter>Common</Filter>
    </ClInclude>
    <ClInclude Include="C:\Users\40212722\Desktop\set08116\labs\coursework-build\assimp-src\include\assimp\DefaultLogger.hpp">
      <Filter>Logging</Filter>
    </ClInclude>
    <ClInclude Include="C:\Users\40212722\Desktop\set08116\labs\coursework-build\assimp-src\include\assimp\LogStream.hpp">
      <Filter>Logging</Filter>
    </ClInclude>
    <ClInclude Include="C:\Users\40212722\Desktop\set08116\labs\coursework-build\assimp-src\include\assimp\Logger.hpp">
      <Filter>Logging</Filter>
    </ClInclude>
    <ClInclude Include="C:\Users\40212722\Desktop\set08116\labs\coursework-build\assimp-src\include\assimp\NullLogger.hpp">
      <Filter>Logging</Filter>
    </ClInclude>
    <ClInclude Include="C:\Users\40212722\Desktop\set08116\labs\coursework-build\assimp-src\code\Win32DebugLogStream.h">
      <Filter>Logging</Filter>
    </ClInclude>
    <ClInclude Include="C:\Users\40212722\Desktop\set08116\labs\coursework-build\assimp-src\code\FileLogStream.h">
      <Filter>Logging</Filter>
    </ClInclude>
    <ClInclude Include="C:\Users\40212722\Desktop\set08116\labs\coursework-build\assimp-src\code\StdOStreamLogStream.h">
      <Filter>Logging</Filter>
    </ClInclude>
    <ClInclude Include="C:\Users\40212722\Desktop\set08116\labs\coursework-build\assimp-src\code\BlobIOSystem.h">
      <Filter>Exporter</Filter>
    </ClInclude>
    <ClInclude Include="C:\Users\40212722\Desktop\set08116\labs\coursework-build\assimp-src\code\CalcTangentsProcess.h">
      <Filter>PostProcessing</Filter>
    </ClInclude>
    <ClInclude Include="C:\Users\40212722\Desktop\set08116\labs\coursework-build\assimp-src\code\ComputeUVMappingProcess.h">
      <Filter>PostProcessing</Filter>
    </ClInclude>
    <ClInclude Include="C:\Users\40212722\Desktop\set08116\labs\coursework-build\assimp-src\code\ConvertToLHProcess.h">
      <Filter>PostProcessing</Filter>
    </ClInclude>
    <ClInclude Include="C:\Users\40212722\Desktop\set08116\labs\coursework-build\assimp-src\code\FindDegenerates.h">
      <Filter>PostProcessing</Filter>
    </ClInclude>
    <ClInclude Include="C:\Users\40212722\Desktop\set08116\labs\coursework-build\assimp-src\code\FindInstancesProcess.h">
      <Filter>PostProcessing</Filter>
    </ClInclude>
    <ClInclude Include="C:\Users\40212722\Desktop\set08116\labs\coursework-build\assimp-src\code\FindInvalidDataProcess.h">
      <Filter>PostProcessing</Filter>
    </ClInclude>
    <ClInclude Include="C:\Users\40212722\Desktop\set08116\labs\coursework-build\assimp-src\code\FixNormalsStep.h">
      <Filter>PostProcessing</Filter>
    </ClInclude>
    <ClInclude Include="C:\Users\40212722\Desktop\set08116\labs\coursework-build\assimp-src\code\GenFaceNormalsProcess.h">
      <Filter>PostProcessing</Filter>
    </ClInclude>
    <ClInclude Include="C:\Users\40212722\Desktop\set08116\labs\coursework-build\assimp-src\code\GenVertexNormalsProcess.h">
      <Filter>PostProcessing</Filter>
    </ClInclude>
    <ClInclude Include="C:\Users\40212722\Desktop\set08116\labs\coursework-build\assimp-src\code\PretransformVertices.h">
      <Filter>PostProcessing</Filter>
    </ClInclude>
    <ClInclude Include="C:\Users\40212722\Desktop\set08116\labs\coursework-build\assimp-src\code\ImproveCacheLocality.h">
      <Filter>PostProcessing</Filter>
    </ClInclude>
    <ClInclude Include="C:\Users\40212722\Desktop\set08116\labs\coursework-build\assimp-src\code\JoinVerticesProcess.h">
      <Filter>PostProcessing</Filter>
    </ClInclude>
    <ClInclude Include="C:\Users\40212722\Desktop\set08116\labs\coursework-build\assimp-src\code\LimitBoneWeightsProcess.h">
      <Filter>PostProcessing</Filter>
    </ClInclude>
    <ClInclude Include="C:\Users\40212722\Desktop\set08116\labs\coursework-build\assimp-src\code\RemoveRedundantMaterials.h">
      <Filter>PostProcessing</Filter>
    </ClInclude>
    <ClInclude Include="C:\Users\40212722\Desktop\set08116\labs\coursework-build\assimp-src\code\RemoveVCProcess.h">
      <Filter>PostProcessing</Filter>
    </ClInclude>
    <ClInclude Include="C:\Users\40212722\Desktop\set08116\labs\coursework-build\assimp-src\code\SortByPTypeProcess.h">
      <Filter>PostProcessing</Filter>
    </ClInclude>
    <ClInclude Include="C:\Users\40212722\Desktop\set08116\labs\coursework-build\assimp-src\code\SplitLargeMeshes.h">
      <Filter>PostProcessing</Filter>
    </ClInclude>
    <ClInclude Include="C:\Users\40212722\Desktop\set08116\labs\coursework-build\assimp-src\code\TextureTransform.h">
      <Filter>PostProcessing</Filter>
    </ClInclude>
    <ClInclude Include="C:\Users\40212722\Desktop\set08116\labs\coursework-build\assimp-src\code\TriangulateProcess.h">
      <Filter>PostProcessing</Filter>
    </ClInclude>
    <ClInclude Include="C:\Users\40212722\Desktop\set08116\labs\coursework-build\assimp-src\code\ValidateDataStructure.h">
      <Filter>PostProcessing</Filter>
    </ClInclude>
    <ClInclude Include="C:\Users\40212722\Desktop\set08116\labs\coursework-build\assimp-src\code\OptimizeGraph.h">
      <Filter>PostProcessing</Filter>
    </ClInclude>
    <ClInclude Include="C:\Users\40212722\Desktop\set08116\labs\coursework-build\assimp-src\code\OptimizeMeshes.h">
      <Filter>PostProcessing</Filter>
    </ClInclude>
    <ClInclude Include="C:\Users\40212722\Desktop\set08116\labs\coursework-build\assimp-src\code\DeboneProcess.h">
      <Filter>PostProcessing</Filter>
    </ClInclude>
    <ClInclude Include="C:\Users\40212722\Desktop\set08116\labs\coursework-build\assimp-src\code\ProcessHelper.h">
      <Filter>PostProcessing</Filter>
    </ClInclude>
    <ClInclude Include="C:\Users\40212722\Desktop\set08116\labs\coursework-build\assimp-src\code\PolyTools.h">
      <Filter>PostProcessing</Filter>
    </ClInclude>
    <ClInclude Include="C:\Users\40212722\Desktop\set08116\labs\coursework-build\assimp-src\code\MakeVerboseFormat.h">
      <Filter>PostProcessing</Filter>
    </ClInclude>
    <ClInclude Include="C:\Users\40212722\Desktop\set08116\labs\coursework-build\assimp-src\code\MaterialSystem.h">
      <Filter>MaterialSystem</Filter>
    </ClInclude>
    <ClInclude Include="C:\Users\40212722\Desktop\set08116\labs\coursework-build\assimp-src\code\StepExporter.h">
      <Filter>Step</Filter>
    </ClInclude>
    <ClInclude Include="C:\Users\40212722\Desktop\set08116\labs\coursework-build\assimp-src\code\3DSHelper.h">
      <Filter>3DS</Filter>
    </ClInclude>
    <ClInclude Include="C:\Users\40212722\Desktop\set08116\labs\coursework-build\assimp-src\code\3DSLoader.h">
      <Filter>3DS</Filter>
    </ClInclude>
    <ClInclude Include="C:\Users\40212722\Desktop\set08116\labs\coursework-build\assimp-src\code\3DSExporter.h">
      <Filter>3DS</Filter>
    </ClInclude>
    <ClInclude Include="C:\Users\40212722\Desktop\set08116\labs\coursework-build\assimp-src\code\MD2FileData.h">
      <Filter>MD2</Filter>
    </ClInclude>
    <ClInclude Include="C:\Users\40212722\Desktop\set08116\labs\coursework-build\assimp-src\code\MD2Loader.h">
      <Filter>MD2</Filter>
    </ClInclude>
    <ClInclude Include="C:\Users\40212722\Desktop\set08116\labs\coursework-build\assimp-src\code\MD2NormalTable.h">
      <Filter>MD2</Filter>
    </ClInclude>
    <ClInclude Include="C:\Users\40212722\Desktop\set08116\labs\coursework-build\assimp-src\code\MD3FileData.h">
      <Filter>MD3</Filter>
    </ClInclude>
    <ClInclude Include="C:\Users\40212722\Desktop\set08116\labs\coursework-build\assimp-src\code\MD3Loader.h">
      <Filter>MD3</Filter>
    </ClInclude>
    <ClInclude Include="C:\Users\40212722\Desktop\set08116\labs\coursework-build\assimp-src\code\MD5Loader.h">
      <Filter>MD5</Filter>
    </ClInclude>
    <ClInclude Include="C:\Users\40212722\Desktop\set08116\labs\coursework-build\assimp-src\code\MD5Parser.h">
      <Filter>MD5</Filter>
    </ClInclude>
    <ClInclude Include="C:\Users\40212722\Desktop\set08116\labs\coursework-build\assimp-src\code\MDLDefaultColorMap.h">
      <Filter>MDL</Filter>
    </ClInclude>
    <ClInclude Include="C:\Users\40212722\Desktop\set08116\labs\coursework-build\assimp-src\code\MDLFileData.h">
      <Filter>MDL</Filter>
    </ClInclude>
    <ClInclude Include="C:\Users\40212722\Desktop\set08116\labs\coursework-build\assimp-src\code\MDLLoader.h">
      <Filter>MDL</Filter>
    </ClInclude>
    <ClInclude Include="C:\Users\40212722\Desktop\set08116\labs\coursework-build\assimp-src\code\ObjFileData.h">
      <Filter>OBJ</Filter>
    </ClInclude>
    <ClInclude Include="C:\Users\40212722\Desktop\set08116\labs\coursework-build\assimp-src\code\ObjFileImporter.h">
      <Filter>OBJ</Filter>
    </ClInclude>
    <ClInclude Include="C:\Users\40212722\Desktop\set08116\labs\coursework-build\assimp-src\code\ObjFileMtlImporter.h">
      <Filter>OBJ</Filter>
    </ClInclude>
    <ClInclude Include="C:\Users\40212722\Desktop\set08116\labs\coursework-build\assimp-src\code\ObjFileParser.h">
      <Filter>OBJ</Filter>
    </ClInclude>
    <ClInclude Include="C:\Users\40212722\Desktop\set08116\labs\coursework-build\assimp-src\code\ObjTools.h">
      <Filter>OBJ</Filter>
    </ClInclude>
    <ClInclude Include="C:\Users\40212722\Desktop\set08116\labs\coursework-build\assimp-src\code\ObjExporter.h">
      <Filter>OBJ</Filter>
    </ClInclude>
    <ClInclude Include="C:\Users\40212722\Desktop\set08116\labs\coursework-build\assimp-src\code\irrXMLWrapper.h">
      <Filter>IrrXML</Filter>
    </ClInclude>
    <ClInclude Include="C:\Users\40212722\Desktop\set08116\labs\coursework-build\assimp-src\contrib\irrXML\CXMLReaderImpl.h">
      <Filter>IrrXML</Filter>
    </ClInclude>
    <ClInclude Include="C:\Users\40212722\Desktop\set08116\labs\coursework-build\assimp-src\contrib\irrXML\heapsort.h">
      <Filter>IrrXML</Filter>
    </ClInclude>
    <ClInclude Include="C:\Users\40212722\Desktop\set08116\labs\coursework-build\assimp-src\contrib\irrXML\irrArray.h">
      <Filter>IrrXML</Filter>
    </ClInclude>
    <ClInclude Include="C:\Users\40212722\Desktop\set08116\labs\coursework-build\assimp-src\contrib\irrXML\irrString.h">
      <Filter>IrrXML</Filter>
    </ClInclude>
    <ClInclude Include="C:\Users\40212722\Desktop\set08116\labs\coursework-build\assimp-src\contrib\irrXML\irrTypes.h">
      <Filter>IrrXML</Filter>
    </ClInclude>
    <ClInclude Include="C:\Users\40212722\Desktop\set08116\labs\coursework-build\assimp-src\contrib\irrXML\irrXML.h">
      <Filter>IrrXML</Filter>
    </ClInclude>
    <ClInclude Include="C:\Users\40212722\Desktop\set08116\labs\coursework-build\assimp-src\contrib\ConvertUTF\ConvertUTF.h">
      <Filter>ConvertUTF</Filter>
    </ClInclude>
    <ClInclude Include="C:\Users\40212722\Desktop\set08116\labs\coursework-build\assimp-src\contrib\unzip\crypt.h">
      <Filter>unzip</Filter>
    </ClInclude>
    <ClInclude Include="C:\Users\40212722\Desktop\set08116\labs\coursework-build\assimp-src\contrib\unzip\ioapi.h">
      <Filter>unzip</Filter>
    </ClInclude>
    <ClInclude Include="C:\Users\40212722\Desktop\set08116\labs\coursework-build\assimp-src\contrib\unzip\unzip.h">
      <Filter>unzip</Filter>
    </ClInclude>
    <ClInclude Include="C:\Users\40212722\Desktop\set08116\labs\coursework-build\assimp-src\contrib\poly2tri\poly2tri\common\shapes.h">
      <Filter>Poly2Tri</Filter>
    </ClInclude>
    <ClInclude Include="C:\Users\40212722\Desktop\set08116\labs\coursework-build\assimp-src\contrib\poly2tri\poly2tri\common\utils.h">
      <Filter>Poly2Tri</Filter>
    </ClInclude>
    <ClInclude Include="C:\Users\40212722\Desktop\set08116\labs\coursework-build\assimp-src\contrib\poly2tri\poly2tri\sweep\advancing_front.h">
      <Filter>Poly2Tri</Filter>
    </ClInclude>
    <ClInclude Include="C:\Users\40212722\Desktop\set08116\labs\coursework-build\assimp-src\contrib\poly2tri\poly2tri\sweep\cdt.h">
      <Filter>Poly2Tri</Filter>
    </ClInclude>
    <ClInclude Include="C:\Users\40212722\Desktop\set08116\labs\coursework-build\assimp-src\contrib\poly2tri\poly2tri\sweep\sweep.h">
      <Filter>Poly2Tri</Filter>
    </ClInclude>
    <ClInclude Include="C:\Users\40212722\Desktop\set08116\labs\coursework-build\assimp-src\contrib\poly2tri\poly2tri\sweep\sweep_context.h">
      <Filter>Poly2Tri</Filter>
    </ClInclude>
    <ClInclude Include="C:\Users\40212722\Desktop\set08116\labs\coursework-build\assimp-src\contrib\clipper\clipper.hpp">
      <Filter>Clipper</Filter>
    </ClInclude>
    <ClInclude Include="C:\Users\40212722\Desktop\set08116\labs\coursework-build\assimp-src\contrib\openddlparser\include\openddlparser\OpenDDLParser.h">
      <Filter>openddl_parser</Filter>
    </ClInclude>
    <ClInclude Include="C:\Users\40212722\Desktop\set08116\labs\coursework-build\assimp-src\contrib\openddlparser\include\openddlparser\OpenDDLParserUtils.h">
      <Filter>openddl_parser</Filter>
    </ClInclude>
    <ClInclude Include="C:\Users\40212722\Desktop\set08116\labs\coursework-build\assimp-src\contrib\openddlparser\include\openddlparser\OpenDDLCommon.h">
      <Filter>openddl_parser</Filter>
    </ClInclude>
    <ClInclude Include="C:\Users\40212722\Desktop\set08116\labs\coursework-build\assimp-src\contrib\openddlparser\include\openddlparser\OpenDDLExport.h">
      <Filter>openddl_parser</Filter>
    </ClInclude>
    <ClInclude Include="C:\Users\40212722\Desktop\set08116\labs\coursework-build\assimp-src\contrib\openddlparser\include\openddlparser\DDLNode.h">
      <Filter>openddl_parser</Filter>
    </ClInclude>
    <ClInclude Include="C:\Users\40212722\Desktop\set08116\labs\coursework-build\assimp-src\contrib\openddlparser\include\openddlparser\Value.h">
      <Filter>openddl_parser</Filter>
    </ClInclude>
    <ClInclude Include="C:\Users\40212722\Desktop\set08116\labs\coursework-build\assimp-src\include\assimp\anim.h">
      <Filter>Header Files</Filter>
    </ClInclude>
    <ClInclude Include="C:\Users\40212722\Desktop\set08116\labs\coursework-build\assimp-src\include\assimp\ai_assert.h">
      <Filter>Header Files</Filter>
    </ClInclude>
    <ClInclude Include="C:\Users\40212722\Desktop\set08116\labs\coursework-build\assimp-src\include\assimp\camera.h">
      <Filter>Header Files</Filter>
    </ClInclude>
    <ClInclude Include="C:\Users\40212722\Desktop\set08116\labs\coursework-build\assimp-src\include\assimp\color4.h">
      <Filter>Header Files</Filter>
    </ClInclude>
    <ClInclude Include="C:\Users\40212722\Desktop\set08116\labs\coursework-build\assimp-src\include\assimp\color4.inl">
      <Filter>Header Files</Filter>
    </ClInclude>
    <ClInclude Include="C:\Users\40212722\Desktop\set08116\labs\coursework-build\assimp-src\include\assimp\config.h">
      <Filter>Header Files</Filter>
    </ClInclude>
    <ClInclude Include="C:\Users\40212722\Desktop\set08116\labs\coursework-build\assimp-src\include\assimp\defs.h">
      <Filter>Header Files</Filter>
    </ClInclude>
    <ClInclude Include="C:\Users\40212722\Desktop\set08116\labs\coursework-build\assimp-src\include\assimp\cfileio.h">
      <Filter>Header Files</Filter>
    </ClInclude>
    <ClInclude Include="C:\Users\40212722\Desktop\set08116\labs\coursework-build\assimp-src\include\assimp\light.h">
      <Filter>Header Files</Filter>
    </ClInclude>
    <ClInclude Include="C:\Users\40212722\Desktop\set08116\labs\coursework-build\assimp-src\include\assimp\material.h">
      <Filter>Header Files</Filter>
    </ClInclude>
    <ClInclude Include="C:\Users\40212722\Desktop\set08116\labs\coursework-build\assimp-src\include\assimp\material.inl">
      <Filter>Header Files</Filter>
    </ClInclude>
    <ClInclude Include="C:\Users\40212722\Desktop\set08116\labs\coursework-build\assimp-src\include\assimp\matrix3x3.h">
      <Filter>Header Files</Filter>
    </ClInclude>
    <ClInclude Include="C:\Users\40212722\Desktop\set08116\labs\coursework-build\assimp-src\include\assimp\matrix3x3.inl">
      <Filter>Header Files</Filter>
    </ClInclude>
    <ClInclude Include="C:\Users\40212722\Desktop\set08116\labs\coursework-build\assimp-src\include\assimp\matrix4x4.h">
      <Filter>Header Files</Filter>
    </ClInclude>
    <ClInclude Include="C:\Users\40212722\Desktop\set08116\labs\coursework-build\assimp-src\include\assimp\matrix4x4.inl">
      <Filter>Header Files</Filter>
    </ClInclude>
    <ClInclude Include="C:\Users\40212722\Desktop\set08116\labs\coursework-build\assimp-src\include\assimp\mesh.h">
      <Filter>Header Files</Filter>
    </ClInclude>
    <ClInclude Include="C:\Users\40212722\Desktop\set08116\labs\coursework-build\assimp-src\include\assimp\postprocess.h">
      <Filter>Header Files</Filter>
    </ClInclude>
    <ClInclude Include="C:\Users\40212722\Desktop\set08116\labs\coursework-build\assimp-src\include\assimp\quaternion.h">
      <Filter>Header Files</Filter>
    </ClInclude>
    <ClInclude Include="C:\Users\40212722\Desktop\set08116\labs\coursework-build\assimp-src\include\assimp\quaternion.inl">
      <Filter>Header Files</Filter>
    </ClInclude>
    <ClInclude Include="C:\Users\40212722\Desktop\set08116\labs\coursework-build\assimp-src\include\assimp\scene.h">
      <Filter>Header Files</Filter>
    </ClInclude>
    <ClInclude Include="C:\Users\40212722\Desktop\set08116\labs\coursework-build\assimp-src\include\assimp\metadata.h">
      <Filter>Header Files</Filter>
    </ClInclude>
    <ClInclude Include="C:\Users\40212722\Desktop\set08116\labs\coursework-build\assimp-src\include\assimp\texture.h">
      <Filter>Header Files</Filter>
    </ClInclude>
    <ClInclude Include="C:\Users\40212722\Desktop\set08116\labs\coursework-build\assimp-src\include\assimp\types.h">
      <Filter>Header Files</Filter>
    </ClInclude>
    <ClInclude Include="C:\Users\40212722\Desktop\set08116\labs\coursework-build\assimp-src\include\assimp\vector2.h">
      <Filter>Header Files</Filter>
    </ClInclude>
    <ClInclude Include="C:\Users\40212722\Desktop\set08116\labs\coursework-build\assimp-src\include\assimp\vector2.inl">
      <Filter>Header Files</Filter>
    </ClInclude>
    <ClInclude Include="C:\Users\40212722\Desktop\set08116\labs\coursework-build\assimp-src\include\assimp\vector3.h">
      <Filter>Header Files</Filter>
    </ClInclude>
    <ClInclude Include="C:\Users\40212722\Desktop\set08116\labs\coursework-build\assimp-src\include\assimp\vector3.inl">
      <Filter>Header Files</Filter>
    </ClInclude>
    <ClInclude Include="C:\Users\40212722\Desktop\set08116\labs\coursework-build\assimp-src\include\assimp\version.h">
      <Filter>Header Files</Filter>
    </ClInclude>
    <ClInclude Include="C:\Users\40212722\Desktop\set08116\labs\coursework-build\assimp-src\include\assimp\cimport.h">
      <Filter>Header Files</Filter>
    </ClInclude>
    <ClInclude Include="C:\Users\40212722\Desktop\set08116\labs\coursework-build\assimp-src\include\assimp\importerdesc.h">
      <Filter>Header Files</Filter>
    </ClInclude>
    <ClInclude Include="C:\Users\40212722\Desktop\set08116\labs\coursework-build\assimp-src\include\assimp\Importer.hpp">
      <Filter>Header Files</Filter>
    </ClInclude>
    <ClInclude Include="C:\Users\40212722\Desktop\set08116\labs\coursework-build\assimp-src\include\assimp\ProgressHandler.hpp">
      <Filter>Header Files</Filter>
    </ClInclude>
    <ClInclude Include="C:\Users\40212722\Desktop\set08116\labs\coursework-build\assimp-src\include\assimp\IOStream.hpp">
      <Filter>Header Files</Filter>
    </ClInclude>
    <ClInclude Include="C:\Users\40212722\Desktop\set08116\labs\coursework-build\assimp-src\include\assimp\IOSystem.hpp">
      <Filter>Header Files</Filter>
    </ClInclude>
    <ClInclude Include="C:\Users\40212722\Desktop\set08116\labs\coursework-build\assimp-src\include\assimp\cexport.h">
      <Filter>Header Files</Filter>
    </ClInclude>
    <ClInclude Include="C:\Users\40212722\Desktop\set08116\labs\coursework-build\assimp-src\include\assimp\Exporter.hpp">
      <Filter>Header Files</Filter>
    </ClInclude>
    <ClInclude Include="C:\Users\40212722\Desktop\set08116\labs\coursework-build\assimp-src\include\assimp\Compiler\pushpack1.h">
      <Filter>Compiler</Filter>
    </ClInclude>
    <ClInclude Include="C:\Users\40212722\Desktop\set08116\labs\coursework-build\assimp-src\include\assimp\Compiler\poppack1.h">
      <Filter>Compiler</Filter>
    </ClInclude>
    <ClInclude Include="C:\Users\40212722\Desktop\set08116\labs\coursework-build\assimp-src\include\assimp\Compiler\pstdint.h">
      <Filter>Compiler</Filter>
    </ClInclude>
  </ItemGroup>
  <ItemGroup>
    <CustomBuild Include="C:\Users\40212722\Desktop\set08116\labs\coursework-build\assimp-src\code\CMakeLists.txt" />
  </ItemGroup>
  <ItemGroup>
    <Filter Include="Source Files">
      <UniqueIdentifier>{6AB5E57E-614E-39AC-9EE8-65FF0824B454}</UniqueIdentifier>
    </Filter>
    <Filter Include="Header Files">
      <UniqueIdentifier>{55249330-7F92-3BBA-ACB2-154BD3359742}</UniqueIdentifier>
    </Filter>
    <Filter Include="Compiler">
      <UniqueIdentifier>{6EECA86B-67E5-33D6-9691-B1D3193816A4}</UniqueIdentifier>
    </Filter>
    <Filter Include="Logging">
      <UniqueIdentifier>{04426AE6-849C-3FA6-AA27-F5D903B6D580}</UniqueIdentifier>
    </Filter>
    <Filter Include="Common">
      <UniqueIdentifier>{935F8922-EA3F-35F3-AE8D-3A12BB235FBA}</UniqueIdentifier>
    </Filter>
    <Filter Include="3DS">
      <UniqueIdentifier>{BA1F6751-6DBA-35FB-92E9-8180EDA4411D}</UniqueIdentifier>
    </Filter>
    <Filter Include="MD2">
      <UniqueIdentifier>{EB5ABB74-624D-395F-B343-B6FA6828A24C}</UniqueIdentifier>
    </Filter>
    <Filter Include="MD3">
      <UniqueIdentifier>{559E3804-B926-343B-BB13-E30FE315A7FA}</UniqueIdentifier>
    </Filter>
    <Filter Include="MD5">
      <UniqueIdentifier>{A0F9296A-72FA-3A5B-B816-73743C3C8DC2}</UniqueIdentifier>
    </Filter>
    <Filter Include="MDL">
      <UniqueIdentifier>{7E4DC33F-2AD2-33F2-A009-97378A365B5C}</UniqueIdentifier>
    </Filter>
    <Filter Include="MaterialSystem">
      <UniqueIdentifier>{733CA83D-1F47-38E0-AD47-9E5A3B0491E6}</UniqueIdentifier>
    </Filter>
    <Filter Include="OBJ">
      <UniqueIdentifier>{41EEB7CE-4C6B-3A5F-8446-CA67FF46819C}</UniqueIdentifier>
    </Filter>
    <Filter Include="PostProcessing">
      <UniqueIdentifier>{E52581A6-EAFF-3E18-907D-8CF3C2735A78}</UniqueIdentifier>
    </Filter>
    <Filter Include="Step">
      <UniqueIdentifier>{CD5FBAB4-E69E-3FA9-9A63-42AD94395FAF}</UniqueIdentifier>
    </Filter>
    <Filter Include="Exporter">
      <UniqueIdentifier>{27779B28-38C6-3D29-AC09-42EFD3A43BA5}</UniqueIdentifier>
    </Filter>
    <Filter Include="IrrXML">
      <UniqueIdentifier>{3B6EC56C-C024-3B95-BDF2-1F5EA41EE8DF}</UniqueIdentifier>
    </Filter>
    <Filter Include="ConvertUTF">
      <UniqueIdentifier>{B03DBE2C-BCE8-32B5-8808-189B6FD71E49}</UniqueIdentifier>
    </Filter>
    <Filter Include="Clipper">
      <UniqueIdentifier>{1051E150-0FF7-3487-B759-826E77503663}</UniqueIdentifier>
    </Filter>
    <Filter Include="Poly2Tri">
      <UniqueIdentifier>{8E08EDDF-6253-36A6-82DC-D34480B46BBF}</UniqueIdentifier>
    </Filter>
    <Filter Include="unzip">
      <UniqueIdentifier>{AC4CB8FA-82D1-3F80-8CA2-D2948DDE1B63}</UniqueIdentifier>
    </Filter>
    <Filter Include="openddl_parser">
      <UniqueIdentifier>{3E69E5F1-FBFA-38E2-B286-31083E74277C}</UniqueIdentifier>
    </Filter>
  </ItemGroup>
</Project>
